
Microsoft Visual Studio Solution File, Format Version 12.00
# Visual Studio Version 17
VisualStudioVersion = 17.9.34728.123
MinimumVisualStudioVersion = 10.0.40219.1
Project("{FAE04EC0-301F-11D3-BF4B-00C04F79EFBC}") = "desafioPlataformaEnsinoCsharp", "desafioPlataformaEnsinoCsharp.csproj", "{84A0487A-7212-4289-9F6A-413CB03B43BF}"
EndProject
Global
	GlobalSection(SolutionConfigurationPlatforms) = preSolution
		Debug|Any CPU = Debug|Any CPU
		Release|Any CPU = Release|Any CPU
	EndGlobalSection
	GlobalSection(ProjectConfigurationPlatforms) = postSolution
		{84A0487A-7212-4289-9F6A-413CB03B43BF}.Debug|Any CPU.ActiveCfg = Debug|Any CPU
		{84A0487A-7212-4289-9F6A-413CB03B43BF}.Debug|Any CPU.Build.0 = Debug|Any CPU
		{84A0487A-7212-4289-9F6A-413CB03B43BF}.Release|Any CPU.ActiveCfg = Release|Any CPU
		{84A0487A-7212-4289-9F6A-413CB03B43BF}.Release|Any CPU.Build.0 = Release|Any CPU
	EndGlobalSection
	GlobalSection(SolutionProperties) = preSolution
		HideSolutionNode = FALSE
	EndGlobalSection
	GlobalSection(ExtensibilityGlobals) = postSolution
		SolutionGuid = {554AE050-549D-4BC4-8869-2FBE313BD71E}
	EndGlobalSection
EndGlobal
